<?xml version="1.0" encoding="UTF-8"?>
<Scheme
   LastUpgradeVersion = "1020"
   version = "1.7">
   <BuildAction
      parallelizeBuildables = "YES"
      buildImplicitDependencies = "YES">
      <BuildActionEntries>
         <BuildActionEntry
            buildForTesting = "YES"
            buildForRunning = "YES"
            buildForProfiling = "YES"
            buildForArchiving = "YES"
            buildForAnalyzing = "YES">
            <BuildableReference
               BuildableIdentifier = "primary"
               BlueprintIdentifier = "6B2D8D03225E3011004EA81A"
               BuildableName = "CoordinatorKit-Universal"
               BlueprintName = "CoordinatorKit-Universal"
               ReferencedContainer = "container:CoordinatorKit.xcodeproj">
            </BuildableReference>
         </BuildActionEntry>
      </BuildActionEntries>
   </BuildAction>
   <TestAction
      buildConfiguration = "Debug"
      selectedDebuggerIdentifier = "Xcode.DebuggerFoundation.Debugger.LLDB"
      selectedLauncherIdentifier = "Xcode.DebuggerFoundation.Launcher.LLDB"
      shouldUseLaunchSchemeArgsEnv = "YES">
      <Testables>
      </Testables>
      <AdditionalOptions>
      </AdditionalOptions>
   </TestAction>
   <LaunchAction
      buildConfiguration = "Debug"
      selectedDebuggerIdentifier = "Xcode.DebuggerFoundation.Debugger.LLDB"
      selectedLauncherIdentifier = "Xcode.DebuggerFoundation.Launcher.LLDB"
      launchStyle = "0"
      useCustomWorkingDirectory = "NO"
      ignoresPersistentStateOnLaunch = "NO"
      debugDocumentVersioning = "YES"
      debugServiceExtension = "internal"
      allowLocationSimulation = "YES">
      <MacroExpansion>
         <BuildableReference
            BuildableIdentifier = "primary"
            BlueprintIdentifier = "6B2D8D03225E3011004EA81A"
            BuildableName = "CoordinatorKit-Universal"
            BlueprintName = "CoordinatorKit-Universal"
            ReferencedContainer = "container:CoordinatorKit.xcodeproj">
         </BuildableReference>
      </MacroExpansion>
      <AdditionalOptions>
      </AdditionalOptions>
   </LaunchAction>
   <ProfileAction
      buildConfiguration = "Release"
      shouldUseLaunchSchemeArgsEnv = "YES"
      savedToolIdentifier = ""
      useCustomWorkingDirectory = "NO"
      debugDocumentVersioning = "YES">
      <MacroExpansion>
         <BuildableReference
            BuildableIdentifier = "primary"
            BlueprintIdentifier = "6B2D8D03225E3011004EA81A"
            BuildableName = "CoordinatorKit-Universal"
            BlueprintName = "CoordinatorKit-Universal"
            ReferencedContainer = "container:CoordinatorKit.xcodeproj">
         </BuildableReference>
      </MacroExpansion>
   </ProfileAction>
   <AnalyzeAction
      buildConfiguration = "Debug">
   </AnalyzeAction>
   <ArchiveAction
      buildConfiguration = "Release"
      revealArchiveInOrganizer = "YES">
      <PostActions>
         <ExecutionAction
            ActionType = "Xcode.IDEStandardExecutionActionsCore.ExecutionActionType.ShellScriptAction">
            <ActionContent
               title = "Run Script"
               scriptText = "exec &gt; /tmp/archive_log.txt 2&gt;&amp;1&#10;&#10;ARCHIVE_LOCATION=&quot;${ARCHIVE_PRODUCTS_PATH}/Library/Frameworks/&quot;&#10;FRAMEWORK_NAME=&quot;${PROJECT_NAME}&quot;&#10;&#10;mv &quot;${ARCHIVE_LOCATION}/${FRAMEWORK_NAME}.framework&quot; &quot;${ARCHIVE_LOCATION}/${FRAMEWORK_NAME}-iOS.framework&quot; || exit $?&#10;&#10;UNIVERSAL_FRAMEWORK=&quot;${PROJECT_DIR}/Output/${FRAMEWORK_NAME}-${CONFIGURATION}-iphoneuniversal/${FRAMEWORK_NAME}-Universal.framework&quot;&#10;&#10;cp -r &quot;${UNIVERSAL_FRAMEWORK}&quot; &quot;${ARCHIVE_LOCATION}&quot; || exit $?&#10;rm -rf &quot;${UNIVERSAL_FRAMEWORK}&quot; || exit $?&#10;&#10;mv &quot;${ARCHIVE_LOCATION}/${FRAMEWORK_NAME}-Universal.framework&quot; &quot;${ARCHIVE_LOCATION}/${FRAMEWORK_NAME}.framework&quot; || exit $?&#10;&#10;open &quot;${ARCHIVE_PRODUCTS_PATH}/&quot;&#10;">
               <EnvironmentBuildable>
                  <BuildableReference
                     BuildableIdentifier = "primary"
                     BlueprintIdentifier = "6B2D8D03225E3011004EA81A"
                     BuildableName = "CoordinatorKit-Universal"
                     BlueprintName = "CoordinatorKit-Universal"
                     ReferencedContainer = "container:CoordinatorKit.xcodeproj">
                  </BuildableReference>
               </EnvironmentBuildable>
            </ActionContent>
         </ExecutionAction>
      </PostActions>
   </ArchiveAction>
</Scheme>
